{
  "name": "ideal-potato",
  "version": "1.0.0",
  "lockfileVersion": 2,
  "requires": true,
  "packages": {
    "": {
      "name": "ideal-potato",
      "version": "1.0.0",
      "license": "ISC",
      "workspaces": [
        "apps/*",
        "packages/*"
      ],
      "devDependencies": {
        "turbo": "^1.3.1"
      },
      "engines": {
        "node": ">=14.0.0",
        "npm": ">=7.0.0"
      }
    },
    "apps/direction": {
      "version": "0.0.0",
      "dependencies": {
        "@tweenjs/tween.js": "^18.6.4",
        "three": "^0.142.0",
        "tsconfig": "*"
      },
      "devDependencies": {
        "typescript": "^4.5.4",
        "vite": "^2.9.9"
      }
    },
    "apps/dotcross": {
      "version": "0.0.0",
      "dependencies": {
        "@tweenjs/tween.js": "^18.6.4",
        "three": "^0.142.0",
        "tsconfig": "*"
      },
      "devDependencies": {
        "@types/three": "^0.141.0",
        "typescript": "^4.5.4",
        "vite": "^2.9.9"
      }
    },
    "apps/gps": {
      "version": "0.0.0",
      "dependencies": {
        "@tweenjs/tween.js": "^18.6.4",
        "three": "^0.142.0",
        "tsconfig": "*"
      },
      "devDependencies": {
        "typescript": "^4.5.4",
        "vite": "^2.9.9"
      }
    },
    "apps/grid": {
      "version": "0.0.0",
      "dependencies": {
        "@tweenjs/tween.js": "^18.6.4",
        "three": "^0.142.0",
        "tsconfig": "*"
      },
      "devDependencies": {
        "typescript": "^4.5.4",
        "vite": "^2.9.9"
      }
    },
    "apps/pointbuffer": {
      "version": "1.0.0",
      "dependencies": {
        "@tweenjs/tween.js": "^18.6.4",
        "three": "^0.142.0",
        "tsconfig": "*"
      },
      "devDependencies": {
        "typescript": "^4.5.4",
        "vite": "^2.9.9"
      }
    },
    "apps/projection": {
      "version": "1.0.0",
      "dependencies": {
        "@tweenjs/tween.js": "^18.6.4",
        "three": "^0.142.0",
        "tsconfig": "*"
      },
      "devDependencies": {
        "typescript": "^4.5.4",
        "vite": "^2.9.9"
      }
    },
    "apps/rotation": {
      "version": "1.0.0",
      "dependencies": {
        "@tweenjs/tween.js": "^18.6.4",
        "three": "^0.142.0",
        "tsconfig": "*"
      },
      "devDependencies": {
        "typescript": "^4.5.4",
        "vite": "^2.9.9"
      }
    },
    "apps/shadermat": {
      "version": "1.0.0",
      "dependencies": {
        "@tweenjs/tween.js": "^18.6.4",
        "three": "^0.142.0",
        "tsconfig": "*"
      },
      "devDependencies": {
        "typescript": "^4.5.4",
        "vite": "^2.9.9"
      }
    },
    "node_modules/_turbo@1.3.1@turbo": {
      "name": "turbo",
      "version": "1.3.1",
      "dev": true,
      "hasInstallScript": true,
      "license": "MPL-2.0",
      "bin": {
        "turbo": "bin/turbo"
      },
      "optionalDependencies": {
        "turbo-android-arm64": "1.3.1",
        "turbo-darwin-64": "1.3.1",
        "turbo-darwin-arm64": "1.3.1",
        "turbo-freebsd-64": "1.3.1",
        "turbo-freebsd-arm64": "1.3.1",
        "turbo-linux-32": "1.3.1",
        "turbo-linux-64": "1.3.1",
        "turbo-linux-arm": "1.3.1",
        "turbo-linux-arm64": "1.3.1",
        "turbo-linux-mips64le": "1.3.1",
        "turbo-linux-ppc64le": "1.3.1",
        "turbo-windows-32": "1.3.1",
        "turbo-windows-64": "1.3.1",
        "turbo-windows-arm64": "1.3.1"
      }
    },
    "node_modules/@tweenjs/tween.js": {
      "version": "18.6.4",
      "license": "MIT"
    },
    "node_modules/@types/three": {
      "version": "0.141.0",
      "resolved": "https://registry.npmjs.org/@types/three/-/three-0.141.0.tgz",
      "integrity": "sha512-OJdKDgTPVBUgc+s74DYoy4aLznbFFC38Xm4ElmU1YwGNgR7GGFVvFCX7lpVgOsT6S1zSJtGdajTsOYE8/xY9nA==",
      "dev": true,
      "dependencies": {
        "@types/webxr": "*"
      }
    },
    "node_modules/@types/webxr": {
      "version": "0.4.0",
      "resolved": "https://registry.npmjs.org/@types/webxr/-/webxr-0.4.0.tgz",
      "integrity": "sha512-LQvrACV3Pj17GpkwHwXuTd733gfY+D7b9mKdrTmLdO7vo7P/o6209Qqtk63y/FCv/lspdmi0pWz6Qe/ull9kQg==",
      "dev": true
    },
    "node_modules/direction": {
      "resolved": "apps/direction",
      "link": true
    },
    "node_modules/dotcross": {
      "resolved": "apps/dotcross",
      "link": true
    },
    "node_modules/esbuild": {
      "version": "0.14.48",
      "dev": true,
      "hasInstallScript": true,
      "license": "MIT",
      "bin": {
        "esbuild": "bin/esbuild"
      },
      "engines": {
        "node": ">=12"
      },
      "optionalDependencies": {
        "esbuild-android-64": "0.14.48",
        "esbuild-android-arm64": "0.14.48",
        "esbuild-darwin-64": "0.14.48",
        "esbuild-darwin-arm64": "0.14.48",
        "esbuild-freebsd-64": "0.14.48",
        "esbuild-freebsd-arm64": "0.14.48",
        "esbuild-linux-32": "0.14.48",
        "esbuild-linux-64": "0.14.48",
        "esbuild-linux-arm": "0.14.48",
        "esbuild-linux-arm64": "0.14.48",
        "esbuild-linux-mips64le": "0.14.48",
        "esbuild-linux-ppc64le": "0.14.48",
        "esbuild-linux-riscv64": "0.14.48",
        "esbuild-linux-s390x": "0.14.48",
        "esbuild-netbsd-64": "0.14.48",
        "esbuild-openbsd-64": "0.14.48",
        "esbuild-sunos-64": "0.14.48",
        "esbuild-windows-32": "0.14.48",
        "esbuild-windows-64": "0.14.48",
        "esbuild-windows-arm64": "0.14.48"
      }
    },
    "node_modules/esbuild-linux-arm64": {
      "version": "0.14.48",
      "cpu": [
        "arm64"
      ],
      "dev": true,
      "license": "MIT",
      "optional": true,
      "os": [
        "linux"
      ],
      "engines": {
        "node": ">=12"
      }
    },
    "node_modules/function-bind": {
      "version": "1.1.1",
      "dev": true,
      "license": "MIT"
    },
    "node_modules/gps": {
      "resolved": "apps/gps",
      "link": true
    },
    "node_modules/grid": {
      "resolved": "apps/grid",
      "link": true
    },
    "node_modules/has": {
      "version": "1.0.3",
      "dev": true,
      "license": "MIT",
      "dependencies": {
        "function-bind": "^1.1.1"
      },
      "engines": {
        "node": ">= 0.4.0"
      }
    },
    "node_modules/is-core-module": {
      "version": "2.9.0",
      "dev": true,
      "license": "MIT",
      "dependencies": {
        "has": "^1.0.3"
      },
      "funding": {
        "url": "https://github.com/sponsors/ljharb"
      }
    },
    "node_modules/nanoid": {
      "version": "3.3.4",
      "dev": true,
      "license": "MIT",
      "bin": {
        "nanoid": "bin/nanoid.cjs"
      },
      "engines": {
        "node": "^10 || ^12 || ^13.7 || ^14 || >=15.0.1"
      }
    },
    "node_modules/path-parse": {
      "version": "1.0.7",
      "dev": true,
      "license": "MIT"
    },
    "node_modules/picocolors": {
      "version": "1.0.0",
      "dev": true,
      "license": "ISC"
    },
    "node_modules/pointbuffer": {
      "resolved": "apps/pointbuffer",
      "link": true
    },
    "node_modules/postcss": {
      "version": "8.4.14",
      "dev": true,
      "funding": [
        {
          "type": "opencollective",
          "url": "https://opencollective.com/postcss/"
        },
        {
          "type": "tidelift",
          "url": "https://tidelift.com/funding/github/npm/postcss"
        }
      ],
      "license": "MIT",
      "dependencies": {
        "nanoid": "^3.3.4",
        "picocolors": "^1.0.0",
        "source-map-js": "^1.0.2"
      },
      "engines": {
        "node": "^10 || ^12 || >=14"
      }
    },
    "node_modules/projection": {
      "resolved": "apps/projection",
      "link": true
    },
    "node_modules/resolve": {
      "version": "1.22.1",
      "dev": true,
      "license": "MIT",
      "dependencies": {
        "is-core-module": "^2.9.0",
        "path-parse": "^1.0.7",
        "supports-preserve-symlinks-flag": "^1.0.0"
      },
      "bin": {
        "resolve": "bin/resolve"
      },
      "funding": {
        "url": "https://github.com/sponsors/ljharb"
      }
    },
    "node_modules/rollup": {
      "version": "2.75.7",
      "dev": true,
      "license": "MIT",
      "bin": {
        "rollup": "dist/bin/rollup"
      },
      "engines": {
        "node": ">=10.0.0"
      },
      "optionalDependencies": {
        "fsevents": "~2.3.2"
      }
    },
    "node_modules/rotation": {
      "resolved": "apps/rotation",
      "link": true
    },
    "node_modules/shadermat": {
      "resolved": "apps/shadermat",
      "link": true
    },
    "node_modules/source-map-js": {
      "version": "1.0.2",
      "dev": true,
      "license": "BSD-3-Clause",
      "engines": {
        "node": ">=0.10.0"
      }
    },
    "node_modules/supports-preserve-symlinks-flag": {
      "version": "1.0.0",
      "dev": true,
      "license": "MIT",
      "engines": {
        "node": ">= 0.4"
      },
      "funding": {
        "url": "https://github.com/sponsors/ljharb"
      }
    },
    "node_modules/three": {
      "version": "0.142.0",
      "license": "MIT"
    },
    "node_modules/tsconfig": {
      "resolved": "packages/tsconfig",
      "link": true
    },
    "node_modules/turbo": {
      "resolved": "node_modules/_turbo@1.3.1@turbo",
      "link": true
    },
    "node_modules/turbo-android-arm64": {
      "version": "1.3.1",
      "resolved": "https://registry.npmjs.org/turbo-android-arm64/-/turbo-android-arm64-1.3.1.tgz",
      "integrity": "sha512-JcnZh9tLbZDpKaXaao/s/k4qXt3TbNEc1xEYYXurVWnqiMueGeS7QAtThVB85ZSqzj7djk+ngSrZabPy5RG25Q==",
      "cpu": [
        "arm64"
      ],
      "dev": true,
      "optional": true,
      "os": [
        "android"
      ]
    },
    "node_modules/turbo-darwin-64": {
      "version": "1.3.1",
      "resolved": "https://registry.npmjs.org/turbo-darwin-64/-/turbo-darwin-64-1.3.1.tgz",
      "integrity": "sha512-TIGDradVFoGck86VIuM38KaDeNxdKaP2ti93UpQeFw26ZhPIeTAa6wUgnz4DQP6bjIvQmXlYJ16ETZb4tFYygg==",
      "cpu": [
        "x64"
      ],
      "dev": true,
      "optional": true,
      "os": [
        "darwin"
      ]
    },
    "node_modules/turbo-darwin-arm64": {
      "version": "1.3.1",
      "resolved": "https://registry.npmjs.org/turbo-darwin-arm64/-/turbo-darwin-arm64-1.3.1.tgz",
      "integrity": "sha512-aLBq8KiMMmop7uKBkvDt/y+eER2UzxZyUzh1KWcZ7DZB5tFZnknEUyf2qggY2vd2WcDVfQ1EUjZ0MFxhhVaVzA==",
      "cpu": [
        "arm64"
      ],
      "dev": true,
      "optional": true,
      "os": [
        "darwin"
      ]
    },
    "node_modules/turbo-freebsd-64": {
      "version": "1.3.1",
      "resolved": "https://registry.npmjs.org/turbo-freebsd-64/-/turbo-freebsd-64-1.3.1.tgz",
      "integrity": "sha512-BOr/ifmxjlBeuDkDQLUJtzqzXQ2zPHHcI14U9Ys+z4Mza1uzQn/oSJqQvU5RuyRBVai7noMrpPS7QuKtDz0Cyg==",
      "cpu": [
        "x64"
      ],
      "dev": true,
      "optional": true,
      "os": [
        "freebsd"
      ]
    },
    "node_modules/turbo-freebsd-arm64": {
      "version": "1.3.1",
      "resolved": "https://registry.npmjs.org/turbo-freebsd-arm64/-/turbo-freebsd-arm64-1.3.1.tgz",
      "integrity": "sha512-bHPZjK4xnGLz6/oxl5XmWhdYOdtBMSadrGhptWSZ0wBGNn/gQzDTeZAkQeqhh25AD0eM1hzDe8QUz8GlS43lrA==",
      "cpu": [
        "arm64"
      ],
      "dev": true,
      "optional": true,
      "os": [
        "freebsd"
      ]
    },
    "node_modules/turbo-linux-32": {
      "version": "1.3.1",
      "resolved": "https://registry.npmjs.org/turbo-linux-32/-/turbo-linux-32-1.3.1.tgz",
      "integrity": "sha512-c5okimusfvivu9wS8MKSr+rXpQAV+M4TyR9JX+spIK8B1I7AjfECAqiK2D5WFWO1bQ33bUAuxXOEpUuLpgEm+g==",
      "cpu": [
        "ia32"
      ],
      "dev": true,
      "optional": true,
      "os": [
        "linux"
      ]
    },
    "node_modules/turbo-linux-64": {
      "version": "1.3.1",
      "resolved": "https://registry.npmjs.org/turbo-linux-64/-/turbo-linux-64-1.3.1.tgz",
      "integrity": "sha512-O0pNX+N5gbmRcyZT+jsCPUNCN3DpIZHqNN35j7MT5nr0IkZa83CGbZnrEc+7Qws//jFJ26EngqD/JyRB2E8nwQ==",
      "cpu": [
        "x64"
      ],
      "dev": true,
      "optional": true,
      "os": [
        "linux"
      ]
    },
    "node_modules/turbo-linux-arm": {
      "version": "1.3.1",
      "resolved": "https://registry.npmjs.org/turbo-linux-arm/-/turbo-linux-arm-1.3.1.tgz",
      "integrity": "sha512-f+r6JIwv/7ylxxJtgVi8cVw+6oNoD/r1IMTU6ejH8bfyMZZko4kkNwH9VYribQ44KDkJEgzdltnzFG5f6Hz10g==",
      "cpu": [
        "arm"
      ],
      "dev": true,
      "optional": true,
      "os": [
        "linux"
      ]
    },
    "node_modules/turbo-linux-arm64": {
      "version": "1.3.1",
      "cpu": [
        "arm64"
      ],
      "dev": true,
      "license": "MPL-2.0",
      "optional": true,
      "os": [
        "linux"
      ]
    },
    "node_modules/turbo-linux-mips64le": {
      "version": "1.3.1",
      "resolved": "https://registry.npmjs.org/turbo-linux-mips64le/-/turbo-linux-mips64le-1.3.1.tgz",
      "integrity": "sha512-yL64jgwVCziOpBcdpMxIsczkgwwOvmaqKObFKWyCNlk/LOl5NKODLwXEaryLaALtpwUAoS4ltMSI64gKqmLrOA==",
      "cpu": [
        "mips64el"
      ],
      "dev": true,
      "optional": true,
      "os": [
        "linux"
      ]
    },
    "node_modules/turbo-linux-ppc64le": {
      "version": "1.3.1",
      "resolved": "https://registry.npmjs.org/turbo-linux-ppc64le/-/turbo-linux-ppc64le-1.3.1.tgz",
      "integrity": "sha512-tjnM+8RosykS1lBpOPLDXGOz/Po2h796ty17uBd7IFslWPOI16a/akFOFoLH8PCiGGJMe3CYgRhEKn4sPWNxFA==",
      "cpu": [
        "ppc64"
      ],
      "dev": true,
      "optional": true,
      "os": [
        "linux"
      ]
    },
    "node_modules/turbo-windows-32": {
      "version": "1.3.1",
      "resolved": "https://registry.npmjs.org/turbo-windows-32/-/turbo-windows-32-1.3.1.tgz",
      "integrity": "sha512-Snnv+TVigulqwK6guHKndMlrLw88NXj8BtHRGrEksPR0QkyuHlwLf+tHYB4HmvpUl4W9lnXQf4hsljWP64BEdw==",
      "cpu": [
        "ia32"
      ],
      "dev": true,
      "optional": true,
      "os": [
        "win32"
      ]
    },
    "node_modules/turbo-windows-64": {
      "version": "1.3.1",
      "resolved": "https://registry.npmjs.org/turbo-windows-64/-/turbo-windows-64-1.3.1.tgz",
      "integrity": "sha512-gLeohHG07yIhON1Pp0YNE00i/yzip2GFhkA6HdJaK95uE5bKULpqxuO414hOS/WzGwrGVXBKCImfe24XXh5T+Q==",
      "cpu": [
        "x64"
      ],
      "dev": true,
      "optional": true,
      "os": [
        "win32"
      ]
    },
    "node_modules/turbo-windows-arm64": {
      "version": "1.3.1",
      "resolved": "https://registry.npmjs.org/turbo-windows-arm64/-/turbo-windows-arm64-1.3.1.tgz",
      "integrity": "sha512-0MWcHLvYgs/qdcoTFZ55nu8HhrpeiwXEMw9cbNfgqTlzy3OsrAsovYEJFyQ8KSxeploiD+QJlCdvhxx+5C0tlA==",
      "cpu": [
        "arm64"
      ],
      "dev": true,
      "optional": true,
      "os": [
        "win32"
      ]
    },
    "node_modules/typescript": {
      "version": "4.7.4",
      "dev": true,
      "license": "Apache-2.0",
      "bin": {
        "tsc": "bin/tsc",
        "tsserver": "bin/tsserver"
      },
      "engines": {
        "node": ">=4.2.0"
      }
    },
    "node_modules/vite": {
      "version": "2.9.13",
      "dev": true,
      "license": "MIT",
      "dependencies": {
        "esbuild": "^0.14.27",
        "postcss": "^8.4.13",
        "resolve": "^1.22.0",
        "rollup": "^2.59.0"
      },
      "bin": {
        "vite": "bin/vite.js"
      },
      "engines": {
        "node": ">=12.2.0"
      },
      "optionalDependencies": {
        "fsevents": "~2.3.2"
      },
      "peerDependencies": {
        "less": "*",
        "sass": "*",
        "stylus": "*"
      },
      "peerDependenciesMeta": {
        "less": {
          "optional": true
        },
        "sass": {
          "optional": true
        },
        "stylus": {
          "optional": true
        }
      }
    },
    "packages/tsconfig": {
      "version": "0.0.0"
    }
  },
  "dependencies": {
    "_turbo@1.3.1@turbo": {
      "version": "npm:turbo@1.3.1",
      "dev": true,
      "requires": {
        "turbo-android-arm64": "1.3.1",
        "turbo-darwin-64": "1.3.1",
        "turbo-darwin-arm64": "1.3.1",
        "turbo-freebsd-64": "1.3.1",
        "turbo-freebsd-arm64": "1.3.1",
        "turbo-linux-32": "1.3.1",
        "turbo-linux-64": "1.3.1",
        "turbo-linux-arm": "1.3.1",
        "turbo-linux-arm64": "1.3.1",
        "turbo-linux-mips64le": "1.3.1",
        "turbo-linux-ppc64le": "1.3.1",
        "turbo-windows-32": "1.3.1",
        "turbo-windows-64": "1.3.1",
        "turbo-windows-arm64": "1.3.1"
      }
    },
    "@tweenjs/tween.js": {
      "version": "18.6.4"
    },
    "@types/three": {
      "version": "0.141.0",
      "resolved": "https://registry.npmjs.org/@types/three/-/three-0.141.0.tgz",
      "integrity": "sha512-OJdKDgTPVBUgc+s74DYoy4aLznbFFC38Xm4ElmU1YwGNgR7GGFVvFCX7lpVgOsT6S1zSJtGdajTsOYE8/xY9nA==",
      "dev": true,
      "requires": {
        "@types/webxr": "*"
      }
    },
    "@types/webxr": {
      "version": "0.4.0",
      "resolved": "https://registry.npmjs.org/@types/webxr/-/webxr-0.4.0.tgz",
      "integrity": "sha512-LQvrACV3Pj17GpkwHwXuTd733gfY+D7b9mKdrTmLdO7vo7P/o6209Qqtk63y/FCv/lspdmi0pWz6Qe/ull9kQg==",
      "dev": true
    },
    "direction": {
      "version": "file:apps/direction",
      "requires": {
        "@tweenjs/tween.js": "^18.6.4",
        "three": "^0.142.0",
        "tsconfig": "*",
        "typescript": "^4.5.4",
        "vite": "^2.9.9"
      }
    },
    "dotcross": {
      "version": "file:apps/dotcross",
      "requires": {
        "@tweenjs/tween.js": "^18.6.4",
        "@types/three": "^0.141.0",
        "three": "^0.142.0",
        "tsconfig": "*",
        "typescript": "^4.5.4",
        "vite": "^2.9.9"
      }
    },
    "esbuild": {
      "version": "0.14.48",
      "dev": true,
      "requires": {
        "esbuild-android-64": "0.14.48",
        "esbuild-android-arm64": "0.14.48",
        "esbuild-darwin-64": "0.14.48",
        "esbuild-darwin-arm64": "0.14.48",
        "esbuild-freebsd-64": "0.14.48",
        "esbuild-freebsd-arm64": "0.14.48",
        "esbuild-linux-32": "0.14.48",
        "esbuild-linux-64": "0.14.48",
        "esbuild-linux-arm": "0.14.48",
        "esbuild-linux-arm64": "0.14.48",
        "esbuild-linux-mips64le": "0.14.48",
        "esbuild-linux-ppc64le": "0.14.48",
        "esbuild-linux-riscv64": "0.14.48",
        "esbuild-linux-s390x": "0.14.48",
        "esbuild-netbsd-64": "0.14.48",
        "esbuild-openbsd-64": "0.14.48",
        "esbuild-sunos-64": "0.14.48",
        "esbuild-windows-32": "0.14.48",
        "esbuild-windows-64": "0.14.48",
        "esbuild-windows-arm64": "0.14.48"
      }
    },
    "esbuild-linux-arm64": {
      "version": "0.14.48",
      "dev": true,
      "optional": true
    },
    "function-bind": {
      "version": "1.1.1",
      "dev": true
    },
    "gps": {
      "version": "file:apps/gps",
      "requires": {
        "@tweenjs/tween.js": "^18.6.4",
        "three": "^0.142.0",
        "tsconfig": "*",
        "typescript": "^4.5.4",
        "vite": "^2.9.9"
      }
    },
    "grid": {
      "version": "file:apps/grid",
      "requires": {
        "@tweenjs/tween.js": "^18.6.4",
        "three": "^0.142.0",
        "tsconfig": "*",
        "typescript": "^4.5.4",
        "vite": "^2.9.9"
      }
    },
    "has": {
      "version": "1.0.3",
      "dev": true,
      "requires": {
        "function-bind": "^1.1.1"
      }
    },
    "is-core-module": {
      "version": "2.9.0",
      "dev": true,
      "requires": {
        "has": "^1.0.3"
      }
    },
    "nanoid": {
      "version": "3.3.4",
      "dev": true
    },
    "path-parse": {
      "version": "1.0.7",
      "dev": true
    },
    "picocolors": {
      "version": "1.0.0",
      "dev": true
    },
    "pointbuffer": {
      "version": "file:apps/pointbuffer",
      "requires": {
        "@tweenjs/tween.js": "^18.6.4",
        "three": "^0.142.0",
        "tsconfig": "*",
        "typescript": "^4.5.4",
        "vite": "^2.9.9"
      }
    },
    "postcss": {
      "version": "8.4.14",
      "dev": true,
      "requires": {
        "nanoid": "^3.3.4",
        "picocolors": "^1.0.0",
        "source-map-js": "^1.0.2"
      }
    },
    "projection": {
      "version": "file:apps/projection",
      "requires": {
        "@tweenjs/tween.js": "^18.6.4",
        "three": "^0.142.0",
        "tsconfig": "*",
        "typescript": "^4.5.4",
        "vite": "^2.9.9"
      }
    },
    "resolve": {
      "version": "1.22.1",
      "dev": true,
      "requires": {
        "is-core-module": "^2.9.0",
        "path-parse": "^1.0.7",
        "supports-preserve-symlinks-flag": "^1.0.0"
      }
    },
    "rollup": {
      "version": "2.75.7",
      "dev": true,
      "requires": {
        "fsevents": "~2.3.2"
      }
    },
    "rotation": {
      "version": "file:apps/rotation",
      "requires": {
        "@tweenjs/tween.js": "^18.6.4",
        "three": "^0.142.0",
        "tsconfig": "*",
        "typescript": "^4.5.4",
        "vite": "^2.9.9"
      }
    },
    "shadermat": {
      "version": "file:apps/shadermat",
      "requires": {
        "@tweenjs/tween.js": "^18.6.4",
        "three": "^0.142.0",
        "tsconfig": "*",
        "typescript": "^4.5.4",
        "vite": "^2.9.9"
      }
    },
    "source-map-js": {
      "version": "1.0.2",
      "dev": true
    },
    "supports-preserve-symlinks-flag": {
      "version": "1.0.0",
      "dev": true
    },
    "three": {
      "version": "0.142.0"
    },
    "tsconfig": {
      "version": "file:packages/tsconfig"
    },
    "turbo": {
      "version": "file:node_modules/_turbo@1.3.1@turbo",
      "requires": {
        "turbo-android-arm64": "1.3.1",
        "turbo-darwin-64": "1.3.1",
        "turbo-darwin-arm64": "1.3.1",
        "turbo-freebsd-64": "1.3.1",
        "turbo-freebsd-arm64": "1.3.1",
        "turbo-linux-32": "1.3.1",
        "turbo-linux-64": "1.3.1",
        "turbo-linux-arm": "1.3.1",
        "turbo-linux-arm64": "1.3.1",
        "turbo-linux-mips64le": "1.3.1",
        "turbo-linux-ppc64le": "1.3.1",
        "turbo-windows-32": "1.3.1",
        "turbo-windows-64": "1.3.1",
        "turbo-windows-arm64": "1.3.1"
      }
    },
    "turbo-android-arm64": {
      "version": "1.3.1",
      "resolved": "https://registry.npmjs.org/turbo-android-arm64/-/turbo-android-arm64-1.3.1.tgz",
      "integrity": "sha512-JcnZh9tLbZDpKaXaao/s/k4qXt3TbNEc1xEYYXurVWnqiMueGeS7QAtThVB85ZSqzj7djk+ngSrZabPy5RG25Q==",
      "dev": true,
      "optional": true
    },
    "turbo-darwin-64": {
      "version": "1.3.1",
      "resolved": "https://registry.npmjs.org/turbo-darwin-64/-/turbo-darwin-64-1.3.1.tgz",
      "integrity": "sha512-TIGDradVFoGck86VIuM38KaDeNxdKaP2ti93UpQeFw26ZhPIeTAa6wUgnz4DQP6bjIvQmXlYJ16ETZb4tFYygg==",
      "dev": true,
      "optional": true
    },
    "turbo-darwin-arm64": {
      "version": "1.3.1",
      "resolved": "https://registry.npmjs.org/turbo-darwin-arm64/-/turbo-darwin-arm64-1.3.1.tgz",
      "integrity": "sha512-aLBq8KiMMmop7uKBkvDt/y+eER2UzxZyUzh1KWcZ7DZB5tFZnknEUyf2qggY2vd2WcDVfQ1EUjZ0MFxhhVaVzA==",
      "dev": true,
      "optional": true
    },
    "turbo-freebsd-64": {
      "version": "1.3.1",
      "resolved": "https://registry.npmjs.org/turbo-freebsd-64/-/turbo-freebsd-64-1.3.1.tgz",
      "integrity": "sha512-BOr/ifmxjlBeuDkDQLUJtzqzXQ2zPHHcI14U9Ys+z4Mza1uzQn/oSJqQvU5RuyRBVai7noMrpPS7QuKtDz0Cyg==",
      "dev": true,
      "optional": true
    },
    "turbo-freebsd-arm64": {
      "version": "1.3.1",
      "resolved": "https://registry.npmjs.org/turbo-freebsd-arm64/-/turbo-freebsd-arm64-1.3.1.tgz",
      "integrity": "sha512-bHPZjK4xnGLz6/oxl5XmWhdYOdtBMSadrGhptWSZ0wBGNn/gQzDTeZAkQeqhh25AD0eM1hzDe8QUz8GlS43lrA==",
      "dev": true,
      "optional": true
    },
    "turbo-linux-32": {
      "version": "1.3.1",
      "resolved": "https://registry.npmjs.org/turbo-linux-32/-/turbo-linux-32-1.3.1.tgz",
      "integrity": "sha512-c5okimusfvivu9wS8MKSr+rXpQAV+M4TyR9JX+spIK8B1I7AjfECAqiK2D5WFWO1bQ33bUAuxXOEpUuLpgEm+g==",
      "dev": true,
      "optional": true
    },
    "turbo-linux-64": {
      "version": "1.3.1",
      "resolved": "https://registry.npmjs.org/turbo-linux-64/-/turbo-linux-64-1.3.1.tgz",
      "integrity": "sha512-O0pNX+N5gbmRcyZT+jsCPUNCN3DpIZHqNN35j7MT5nr0IkZa83CGbZnrEc+7Qws//jFJ26EngqD/JyRB2E8nwQ==",
      "dev": true,
      "optional": true
    },
    "turbo-linux-arm": {
      "version": "1.3.1",
      "resolved": "https://registry.npmjs.org/turbo-linux-arm/-/turbo-linux-arm-1.3.1.tgz",
      "integrity": "sha512-f+r6JIwv/7ylxxJtgVi8cVw+6oNoD/r1IMTU6ejH8bfyMZZko4kkNwH9VYribQ44KDkJEgzdltnzFG5f6Hz10g==",
      "dev": true,
      "optional": true
    },
    "turbo-linux-arm64": {
      "version": "1.3.1",
      "dev": true,
      "optional": true
    },
    "turbo-linux-mips64le": {
      "version": "1.3.1",
      "resolved": "https://registry.npmjs.org/turbo-linux-mips64le/-/turbo-linux-mips64le-1.3.1.tgz",
      "integrity": "sha512-yL64jgwVCziOpBcdpMxIsczkgwwOvmaqKObFKWyCNlk/LOl5NKODLwXEaryLaALtpwUAoS4ltMSI64gKqmLrOA==",
      "dev": true,
      "optional": true
    },
    "turbo-linux-ppc64le": {
      "version": "1.3.1",
      "resolved": "https://registry.npmjs.org/turbo-linux-ppc64le/-/turbo-linux-ppc64le-1.3.1.tgz",
      "integrity": "sha512-tjnM+8RosykS1lBpOPLDXGOz/Po2h796ty17uBd7IFslWPOI16a/akFOFoLH8PCiGGJMe3CYgRhEKn4sPWNxFA==",
      "dev": true,
      "optional": true
    },
    "turbo-windows-32": {
      "version": "1.3.1",
      "resolved": "https://registry.npmjs.org/turbo-windows-32/-/turbo-windows-32-1.3.1.tgz",
      "integrity": "sha512-Snnv+TVigulqwK6guHKndMlrLw88NXj8BtHRGrEksPR0QkyuHlwLf+tHYB4HmvpUl4W9lnXQf4hsljWP64BEdw==",
      "dev": true,
      "optional": true
    },
    "turbo-windows-64": {
      "version": "1.3.1",
      "resolved": "https://registry.npmjs.org/turbo-windows-64/-/turbo-windows-64-1.3.1.tgz",
      "integrity": "sha512-gLeohHG07yIhON1Pp0YNE00i/yzip2GFhkA6HdJaK95uE5bKULpqxuO414hOS/WzGwrGVXBKCImfe24XXh5T+Q==",
      "dev": true,
      "optional": true
    },
    "turbo-windows-arm64": {
      "version": "1.3.1",
      "resolved": "https://registry.npmjs.org/turbo-windows-arm64/-/turbo-windows-arm64-1.3.1.tgz",
      "integrity": "sha512-0MWcHLvYgs/qdcoTFZ55nu8HhrpeiwXEMw9cbNfgqTlzy3OsrAsovYEJFyQ8KSxeploiD+QJlCdvhxx+5C0tlA==",
      "dev": true,
      "optional": true
    },
    "typescript": {
      "version": "4.7.4",
      "dev": true
    },
    "vite": {
      "version": "2.9.13",
      "dev": true,
      "requires": {
        "esbuild": "^0.14.27",
        "fsevents": "~2.3.2",
        "postcss": "^8.4.13",
        "resolve": "^1.22.0",
        "rollup": "^2.59.0"
      }
    }
  }
}
